
Microsoft Visual Studio Solution File, Format Version 12.00
# Visual Studio Version 17
VisualStudioVersion = 17.6.33801.468
MinimumVisualStudioVersion = 10.0.40219.1
Project("{FAE04EC0-301F-11D3-BF4B-00C04F79EFBC}") = "SMSLib", "SMSLib\SMSLib.csproj", "{FAFF355C-99DD-46DE-879E-C4EEA0243592}"
EndProject
Global
	GlobalSection(SolutionConfigurationPlatforms) = preSolution
		Debug|Any CPU = Debug|Any CPU
		Release|Any CPU = Release|Any CPU
	EndGlobalSection
	GlobalSection(ProjectConfigurationPlatforms) = postSolution
		{FAFF355C-99DD-46DE-879E-C4EEA0243592}.Debug|Any CPU.ActiveCfg = Debug|Any CPU
		{FAFF355C-99DD-46DE-879E-C4EEA0243592}.Debug|Any CPU.Build.0 = Debug|Any CPU
		{FAFF355C-99DD-46DE-879E-C4EEA0243592}.Release|Any CPU.ActiveCfg = Release|Any CPU
		{FAFF355C-99DD-46DE-879E-C4EEA0243592}.Release|Any CPU.Build.0 = Release|Any CPU
	EndGlobalSection
	GlobalSection(SolutionProperties) = preSolution
		HideSolutionNode = FALSE
	EndGlobalSection
	GlobalSection(ExtensibilityGlobals) = postSolution
		SolutionGuid = {1CB63410-638D-4CFD-9F09-4135F64155DE}
	EndGlobalSection
EndGlobal
